// !$*UTF8*$!
{
	archiveVersion = 1;
	classes = {
	};
	objectVersion = 46;
	objects = {

/* Begin PBXBuildFile section */
		2E106CBC1F6572BA008AE283 /* AppDelegate.swift in Sources */ = {isa = PBXBuildFile; fileRef = 2E106CBB1F6572BA008AE283 /* AppDelegate.swift */; };
		2E106CBE1F6572BA008AE283 /* SignInViewController.swift in Sources */ = {isa = PBXBuildFile; fileRef = 2E106CBD1F6572BA008AE283 /* SignInViewController.swift */; };
		2E106CC41F6572BA008AE283 /* BaasTest.xcdatamodeld in Sources */ = {isa = PBXBuildFile; fileRef = 2E106CC21F6572BA008AE283 /* BaasTest.xcdatamodeld */; };
		2E106CC61F6572BA008AE283 /* Assets.xcassets in Resources */ = {isa = PBXBuildFile; fileRef = 2E106CC51F6572BA008AE283 /* Assets.xcassets */; };
		2E106CC91F6572BA008AE283 /* LaunchScreen.storyboard in Resources */ = {isa = PBXBuildFile; fileRef = 2E106CC71F6572BA008AE283 /* LaunchScreen.storyboard */; };
		2E106CD11F6576D9008AE283 /* DroiCoreSDK.framework in Frameworks */ = {isa = PBXBuildFile; fileRef = 2E106CD01F6576D9008AE283 /* DroiCoreSDK.framework */; };
		2E106CD21F6576D9008AE283 /* DroiCoreSDK.framework in Embed Frameworks */ = {isa = PBXBuildFile; fileRef = 2E106CD01F6576D9008AE283 /* DroiCoreSDK.framework */; settings = {ATTRIBUTES = (CodeSignOnCopy, RemoveHeadersOnCopy, ); }; };
		2E106CD61F6576FF008AE283 /* libsqlite3.tbd in Frameworks */ = {isa = PBXBuildFile; fileRef = 2E106CD51F6576FF008AE283 /* libsqlite3.tbd */; };
		2E106CD81F65770B008AE283 /* libz.tbd in Frameworks */ = {isa = PBXBuildFile; fileRef = 2E106CD71F65770B008AE283 /* libz.tbd */; };
		2E106CDA1F657712008AE283 /* SystemConfiguration.framework in Frameworks */ = {isa = PBXBuildFile; fileRef = 2E106CD91F657712008AE283 /* SystemConfiguration.framework */; };
		2E106CE11F657768008AE283 /* DroiBaaS.m in Sources */ = {isa = PBXBuildFile; fileRef = 2E106CDE1F657768008AE283 /* DroiBaaS.m */; };
		2E106CE21F657768008AE283 /* DroiBaaS.plist in Resources */ = {isa = PBXBuildFile; fileRef = 2E106CDF1F657768008AE283 /* DroiBaaS.plist */; };
		2E106CE31F657768008AE283 /* DroiBaaSForSwift.swift in Sources */ = {isa = PBXBuildFile; fileRef = 2E106CE01F657768008AE283 /* DroiBaaSForSwift.swift */; };
		2E2E36F81F6597AB008BC6F2 /* User.swift in Sources */ = {isa = PBXBuildFile; fileRef = 2E2E36F71F6597AB008BC6F2 /* User.swift */; };
		2E2E36FA1F65A284008BC6F2 /* RegisterViewController.swift in Sources */ = {isa = PBXBuildFile; fileRef = 2E2E36F91F65A284008BC6F2 /* RegisterViewController.swift */; };
		2E2E36FE1F660F9D008BC6F2 /* WilddogAuth.framework in Frameworks */ = {isa = PBXBuildFile; fileRef = 2E2E36FB1F660F9D008BC6F2 /* WilddogAuth.framework */; };
		2E2E36FF1F660F9D008BC6F2 /* WilddogAuth.framework in Embed Frameworks */ = {isa = PBXBuildFile; fileRef = 2E2E36FB1F660F9D008BC6F2 /* WilddogAuth.framework */; settings = {ATTRIBUTES = (CodeSignOnCopy, RemoveHeadersOnCopy, ); }; };
		2E2E37001F660F9D008BC6F2 /* WilddogCore.framework in Frameworks */ = {isa = PBXBuildFile; fileRef = 2E2E36FC1F660F9D008BC6F2 /* WilddogCore.framework */; };
		2E2E37011F660F9D008BC6F2 /* WilddogCore.framework in Embed Frameworks */ = {isa = PBXBuildFile; fileRef = 2E2E36FC1F660F9D008BC6F2 /* WilddogCore.framework */; settings = {ATTRIBUTES = (CodeSignOnCopy, RemoveHeadersOnCopy, ); }; };
		2E2E37021F660F9D008BC6F2 /* WilddogSync.framework in Frameworks */ = {isa = PBXBuildFile; fileRef = 2E2E36FD1F660F9D008BC6F2 /* WilddogSync.framework */; };
		2E2E37031F660F9D008BC6F2 /* WilddogSync.framework in Embed Frameworks */ = {isa = PBXBuildFile; fileRef = 2E2E36FD1F660F9D008BC6F2 /* WilddogSync.framework */; settings = {ATTRIBUTES = (CodeSignOnCopy, RemoveHeadersOnCopy, ); }; };
		2E2E37051F660FD6008BC6F2 /* JavaScriptCore.framework in Frameworks */ = {isa = PBXBuildFile; fileRef = 2E2E37041F660FD6008BC6F2 /* JavaScriptCore.framework */; };
		2E2E37071F66B66C008BC6F2 /* userBehaviorViewController.swift in Sources */ = {isa = PBXBuildFile; fileRef = 2E2E37061F66B66C008BC6F2 /* userBehaviorViewController.swift */; };
		2E2E37091F66B8B6008BC6F2 /* MapViewController.swift in Sources */ = {isa = PBXBuildFile; fileRef = 2E2E37081F66B8B6008BC6F2 /* MapViewController.swift */; };
		2E2E370B1F66B930008BC6F2 /* BinInformationViewController.swift in Sources */ = {isa = PBXBuildFile; fileRef = 2E2E370A1F66B930008BC6F2 /* BinInformationViewController.swift */; };
		2E2E370D1F66E3E3008BC6F2 /* libicucore.tbd in Frameworks */ = {isa = PBXBuildFile; fileRef = 2E2E370C1F66E3E3008BC6F2 /* libicucore.tbd */; };
		2E2E370F1F66FDBD008BC6F2 /* BinsDroiData.swift in Sources */ = {isa = PBXBuildFile; fileRef = 2E2E370E1F66FDBD008BC6F2 /* BinsDroiData.swift */; };
		2E2E37141F67A5DA008BC6F2 /* Main.storyboard in Resources */ = {isa = PBXBuildFile; fileRef = 2E2E37121F67A5DA008BC6F2 /* Main.storyboard */; };
		2E2E37181F67B131008BC6F2 /* SuspiciousBinCell.swift in Sources */ = {isa = PBXBuildFile; fileRef = 2E2E37171F67B131008BC6F2 /* SuspiciousBinCell.swift */; };
		2E2E371A1F67B15A008BC6F2 /* AdoptBinCell.swift in Sources */ = {isa = PBXBuildFile; fileRef = 2E2E37191F67B15A008BC6F2 /* AdoptBinCell.swift */; };
		2E2E371C1F67B170008BC6F2 /* baseCell.swift in Sources */ = {isa = PBXBuildFile; fileRef = 2E2E371B1F67B170008BC6F2 /* baseCell.swift */; };
		2EB9D8A61F68126B00F06F2B /* BinWdgData.swift in Sources */ = {isa = PBXBuildFile; fileRef = 2EB9D8A51F68126B00F06F2B /* BinWdgData.swift */; };
		2EB9D8AC1F68E72900F06F2B /* SCLAlertView.framework in Frameworks */ = {isa = PBXBuildFile; fileRef = 2EB9D8AB1F68E72900F06F2B /* SCLAlertView.framework */; };
		2EB9D8AD1F68E72900F06F2B /* SCLAlertView.framework in Embed Frameworks */ = {isa = PBXBuildFile; fileRef = 2EB9D8AB1F68E72900F06F2B /* SCLAlertView.framework */; settings = {ATTRIBUTES = (CodeSignOnCopy, RemoveHeadersOnCopy, ); }; };
		2EB9D8AF1F6929F000F06F2B /* BaseWdgData.swift in Sources */ = {isa = PBXBuildFile; fileRef = 2EB9D8AE1F6929F000F06F2B /* BaseWdgData.swift */; };
		2EB9D8B71F6954F200F06F2B /* Hero.framework in Frameworks */ = {isa = PBXBuildFile; fileRef = 2EB9D8B61F6954F200F06F2B /* Hero.framework */; };
		2EB9D8B81F6954F200F06F2B /* Hero.framework in Embed Frameworks */ = {isa = PBXBuildFile; fileRef = 2EB9D8B61F6954F200F06F2B /* Hero.framework */; settings = {ATTRIBUTES = (CodeSignOnCopy, RemoveHeadersOnCopy, ); }; };
		2EB9D8BA1F6971CC00F06F2B /* PostWdgData.swift in Sources */ = {isa = PBXBuildFile; fileRef = 2EB9D8B91F6971CC00F06F2B /* PostWdgData.swift */; };
		2EB9D8BC1F6973B600F06F2B /* DataMethods.swift in Sources */ = {isa = PBXBuildFile; fileRef = 2EB9D8BB1F6973B600F06F2B /* DataMethods.swift */; };
		2ED846341F6A2D490094D61C /* BinSurroundingTableViewController.swift in Sources */ = {isa = PBXBuildFile; fileRef = 2ED846331F6A2D490094D61C /* BinSurroundingTableViewController.swift */; };
		2ED846371F6A2F9A0094D61C /* OthersBinCell.swift in Sources */ = {isa = PBXBuildFile; fileRef = 2ED846361F6A2F9A0094D61C /* OthersBinCell.swift */; };
/* End PBXBuildFile section */

/* Begin PBXCopyFilesBuildPhase section */
		2E106CD31F6576D9008AE283 /* Embed Frameworks */ = {
			isa = PBXCopyFilesBuildPhase;
			buildActionMask = 2147483647;
			dstPath = "";
			dstSubfolderSpec = 10;
			files = (
				2EB9D8AD1F68E72900F06F2B /* SCLAlertView.framework in Embed Frameworks */,
				2E2E37031F660F9D008BC6F2 /* WilddogSync.framework in Embed Frameworks */,
				2EB9D8B81F6954F200F06F2B /* Hero.framework in Embed Frameworks */,
				2E2E37011F660F9D008BC6F2 /* WilddogCore.framework in Embed Frameworks */,
				2E106CD21F6576D9008AE283 /* DroiCoreSDK.framework in Embed Frameworks */,
				2E2E36FF1F660F9D008BC6F2 /* WilddogAuth.framework in Embed Frameworks */,
			);
			name = "Embed Frameworks";
			runOnlyForDeploymentPostprocessing = 0;
		};
/* End PBXCopyFilesBuildPhase section */

/* Begin PBXFileReference section */
		2E106CB81F6572BA008AE283 /* BaasTest.app */ = {isa = PBXFileReference; explicitFileType = wrapper.application; includeInIndex = 0; path = BaasTest.app; sourceTree = BUILT_PRODUCTS_DIR; };
		2E106CBB1F6572BA008AE283 /* AppDelegate.swift */ = {isa = PBXFileReference; lastKnownFileType = sourcecode.swift; path = AppDelegate.swift; sourceTree = "<group>"; };
		2E106CBD1F6572BA008AE283 /* SignInViewController.swift */ = {isa = PBXFileReference; lastKnownFileType = sourcecode.swift; path = SignInViewController.swift; sourceTree = "<group>"; };
		2E106CC31F6572BA008AE283 /* BaasTest.xcdatamodel */ = {isa = PBXFileReference; lastKnownFileType = wrapper.xcdatamodel; path = BaasTest.xcdatamodel; sourceTree = "<group>"; };
		2E106CC51F6572BA008AE283 /* Assets.xcassets */ = {isa = PBXFileReference; lastKnownFileType = folder.assetcatalog; path = Assets.xcassets; sourceTree = "<group>"; };
		2E106CC81F6572BA008AE283 /* Base */ = {isa = PBXFileReference; lastKnownFileType = file.storyboard; name = Base; path = Base.lproj/LaunchScreen.storyboard; sourceTree = "<group>"; };
		2E106CCA1F6572BA008AE283 /* Info.plist */ = {isa = PBXFileReference; lastKnownFileType = text.plist.xml; path = Info.plist; sourceTree = "<group>"; };
		2E106CD01F6576D9008AE283 /* DroiCoreSDK.framework */ = {isa = PBXFileReference; lastKnownFileType = wrapper.framework; path = DroiCoreSDK.framework; sourceTree = "<group>"; };
		2E106CD51F6576FF008AE283 /* libsqlite3.tbd */ = {isa = PBXFileReference; lastKnownFileType = "sourcecode.text-based-dylib-definition"; name = libsqlite3.tbd; path = usr/lib/libsqlite3.tbd; sourceTree = SDKROOT; };
		2E106CD71F65770B008AE283 /* libz.tbd */ = {isa = PBXFileReference; lastKnownFileType = "sourcecode.text-based-dylib-definition"; name = libz.tbd; path = usr/lib/libz.tbd; sourceTree = SDKROOT; };
		2E106CD91F657712008AE283 /* SystemConfiguration.framework */ = {isa = PBXFileReference; lastKnownFileType = wrapper.framework; name = SystemConfiguration.framework; path = System/Library/Frameworks/SystemConfiguration.framework; sourceTree = SDKROOT; };
		2E106CDC1F657768008AE283 /* BaasTest-Bridging-Header.h */ = {isa = PBXFileReference; lastKnownFileType = sourcecode.c.h; path = "BaasTest-Bridging-Header.h"; sourceTree = "<group>"; };
		2E106CDD1F657768008AE283 /* DroiBaaS.h */ = {isa = PBXFileReference; fileEncoding = 4; lastKnownFileType = sourcecode.c.h; path = DroiBaaS.h; sourceTree = "<group>"; };
		2E106CDE1F657768008AE283 /* DroiBaaS.m */ = {isa = PBXFileReference; fileEncoding = 4; lastKnownFileType = sourcecode.c.objc; path = DroiBaaS.m; sourceTree = "<group>"; };
		2E106CDF1F657768008AE283 /* DroiBaaS.plist */ = {isa = PBXFileReference; fileEncoding = 4; lastKnownFileType = text.plist.xml; path = DroiBaaS.plist; sourceTree = "<group>"; };
		2E106CE01F657768008AE283 /* DroiBaaSForSwift.swift */ = {isa = PBXFileReference; fileEncoding = 4; lastKnownFileType = sourcecode.swift; path = DroiBaaSForSwift.swift; sourceTree = "<group>"; };
		2E2E36F71F6597AB008BC6F2 /* User.swift */ = {isa = PBXFileReference; fileEncoding = 4; lastKnownFileType = sourcecode.swift; path = User.swift; sourceTree = "<group>"; };
		2E2E36F91F65A284008BC6F2 /* RegisterViewController.swift */ = {isa = PBXFileReference; fileEncoding = 4; lastKnownFileType = sourcecode.swift; path = RegisterViewController.swift; sourceTree = "<group>"; };
		2E2E36FB1F660F9D008BC6F2 /* WilddogAuth.framework */ = {isa = PBXFileReference; lastKnownFileType = wrapper.framework; path = WilddogAuth.framework; sourceTree = "<group>"; };
		2E2E36FC1F660F9D008BC6F2 /* WilddogCore.framework */ = {isa = PBXFileReference; lastKnownFileType = wrapper.framework; path = WilddogCore.framework; sourceTree = "<group>"; };
		2E2E36FD1F660F9D008BC6F2 /* WilddogSync.framework */ = {isa = PBXFileReference; lastKnownFileType = wrapper.framework; path = WilddogSync.framework; sourceTree = "<group>"; };
		2E2E37041F660FD6008BC6F2 /* JavaScriptCore.framework */ = {isa = PBXFileReference; lastKnownFileType = wrapper.framework; name = JavaScriptCore.framework; path = System/Library/Frameworks/JavaScriptCore.framework; sourceTree = SDKROOT; };
		2E2E37061F66B66C008BC6F2 /* userBehaviorViewController.swift */ = {isa = PBXFileReference; fileEncoding = 4; lastKnownFileType = sourcecode.swift; path = userBehaviorViewController.swift; sourceTree = "<group>"; };
		2E2E37081F66B8B6008BC6F2 /* MapViewController.swift */ = {isa = PBXFileReference; fileEncoding = 4; lastKnownFileType = sourcecode.swift; path = MapViewController.swift; sourceTree = "<group>"; };
		2E2E370A1F66B930008BC6F2 /* BinInformationViewController.swift */ = {isa = PBXFileReference; fileEncoding = 4; lastKnownFileType = sourcecode.swift; path = BinInformationViewController.swift; sourceTree = "<group>"; };
		2E2E370C1F66E3E3008BC6F2 /* libicucore.tbd */ = {isa = PBXFileReference; lastKnownFileType = "sourcecode.text-based-dylib-definition"; name = libicucore.tbd; path = usr/lib/libicucore.tbd; sourceTree = SDKROOT; };
		2E2E370E1F66FDBD008BC6F2 /* BinsDroiData.swift */ = {isa = PBXFileReference; fileEncoding = 4; lastKnownFileType = sourcecode.swift; path = BinsDroiData.swift; sourceTree = "<group>"; };
		2E2E37131F67A5DA008BC6F2 /* Base */ = {isa = PBXFileReference; lastKnownFileType = file.storyboard; name = Base; path = BaasTest/Base.lproj/Main.storyboard; sourceTree = "<group>"; };
		2E2E37171F67B131008BC6F2 /* SuspiciousBinCell.swift */ = {isa = PBXFileReference; fileEncoding = 4; lastKnownFileType = sourcecode.swift; path = SuspiciousBinCell.swift; sourceTree = "<group>"; };
		2E2E37191F67B15A008BC6F2 /* AdoptBinCell.swift */ = {isa = PBXFileReference; fileEncoding = 4; lastKnownFileType = sourcecode.swift; path = AdoptBinCell.swift; sourceTree = "<group>"; };
		2E2E371B1F67B170008BC6F2 /* baseCell.swift */ = {isa = PBXFileReference; fileEncoding = 4; lastKnownFileType = sourcecode.swift; path = baseCell.swift; sourceTree = "<group>"; };
		2EB9D8A51F68126B00F06F2B /* BinWdgData.swift */ = {isa = PBXFileReference; fileEncoding = 4; lastKnownFileType = sourcecode.swift; path = BinWdgData.swift; sourceTree = "<group>"; };
		2EB9D8AB1F68E72900F06F2B /* SCLAlertView.framework */ = {isa = PBXFileReference; lastKnownFileType = wrapper.framework; name = SCLAlertView.framework; path = Carthage/Build/iOS/SCLAlertView.framework; sourceTree = "<group>"; };
		2EB9D8AE1F6929F000F06F2B /* BaseWdgData.swift */ = {isa = PBXFileReference; fileEncoding = 4; lastKnownFileType = sourcecode.swift; path = BaseWdgData.swift; sourceTree = "<group>"; };
		2EB9D8B61F6954F200F06F2B /* Hero.framework */ = {isa = PBXFileReference; lastKnownFileType = wrapper.framework; path = Hero.framework; sourceTree = "<group>"; };
		2EB9D8B91F6971CC00F06F2B /* PostWdgData.swift */ = {isa = PBXFileReference; fileEncoding = 4; lastKnownFileType = sourcecode.swift; path = PostWdgData.swift; sourceTree = "<group>"; };
		2EB9D8BB1F6973B600F06F2B /* DataMethods.swift */ = {isa = PBXFileReference; fileEncoding = 4; lastKnownFileType = sourcecode.swift; path = DataMethods.swift; sourceTree = "<group>"; };
		2ED846331F6A2D490094D61C /* BinSurroundingTableViewController.swift */ = {isa = PBXFileReference; fileEncoding = 4; lastKnownFileType = sourcecode.swift; path = BinSurroundingTableViewController.swift; sourceTree = "<group>"; };
		2ED846361F6A2F9A0094D61C /* OthersBinCell.swift */ = {isa = PBXFileReference; fileEncoding = 4; lastKnownFileType = sourcecode.swift; path = OthersBinCell.swift; sourceTree = "<group>"; };
/* End PBXFileReference section */

/* Begin PBXFrameworksBuildPhase section */
		2E106CB51F6572BA008AE283 /* Frameworks */ = {
			isa = PBXFrameworksBuildPhase;
			buildActionMask = 2147483647;
			files = (
				2E2E370D1F66E3E3008BC6F2 /* libicucore.tbd in Frameworks */,
				2E2E37051F660FD6008BC6F2 /* JavaScriptCore.framework in Frameworks */,
				2EB9D8B71F6954F200F06F2B /* Hero.framework in Frameworks */,
				2E2E37021F660F9D008BC6F2 /* WilddogSync.framework in Frameworks */,
				2E2E37001F660F9D008BC6F2 /* WilddogCore.framework in Frameworks */,
				2E106CDA1F657712008AE283 /* SystemConfiguration.framework in Frameworks */,
				2EB9D8AC1F68E72900F06F2B /* SCLAlertView.framework in Frameworks */,
				2E106CD81F65770B008AE283 /* libz.tbd in Frameworks */,
				2E106CD61F6576FF008AE283 /* libsqlite3.tbd in Frameworks */,
				2E2E36FE1F660F9D008BC6F2 /* WilddogAuth.framework in Frameworks */,
				2E106CD11F6576D9008AE283 /* DroiCoreSDK.framework in Frameworks */,
			);
			runOnlyForDeploymentPostprocessing = 0;
		};
/* End PBXFrameworksBuildPhase section */

/* Begin PBXGroup section */
		2E106CAF1F6572BA008AE283 = {
			isa = PBXGroup;
			children = (
				2EB9D8B61F6954F200F06F2B /* Hero.framework */,
				2EB9D8AB1F68E72900F06F2B /* SCLAlertView.framework */,
				2E2E36FB1F660F9D008BC6F2 /* WilddogAuth.framework */,
				2E2E36FC1F660F9D008BC6F2 /* WilddogCore.framework */,
				2E2E36FD1F660F9D008BC6F2 /* WilddogSync.framework */,
				2E106CD01F6576D9008AE283 /* DroiCoreSDK.framework */,
				2E106CBA1F6572BA008AE283 /* BaasTest */,
				2E106CB91F6572BA008AE283 /* Products */,
				2E106CD41F6576FF008AE283 /* Frameworks */,
			);
			sourceTree = "<group>";
		};
		2E106CB91F6572BA008AE283 /* Products */ = {
			isa = PBXGroup;
			children = (
				2E106CB81F6572BA008AE283 /* BaasTest.app */,
			);
			name = Products;
			sourceTree = "<group>";
		};
		2E106CBA1F6572BA008AE283 /* BaasTest */ = {
			isa = PBXGroup;
			children = (
				2E106CDB1F65773A008AE283 /* Droibaas */,
				2E106CBB1F6572BA008AE283 /* AppDelegate.swift */,
				2EB9D8BB1F6973B600F06F2B /* DataMethods.swift */,
				2EB9D8A71F6812FB00F06F2B /* Sign In Out VC */,
				2E2E37061F66B66C008BC6F2 /* userBehaviorViewController.swift */,
				2ED846351F6A2D5B0094D61C /* Bin Surrounding VC */,
				2EB9D8A81F68132800F06F2B /* Map List VC */,
				2EB9D8B21F69527D00F06F2B /* Bin Information VC */,
				2EB9D8AA1F68134D00F06F2B /* WDG Data */,
				2EB9D8A91F68134000F06F2B /* Droibaas Data */,
				2E2E37121F67A5DA008BC6F2 /* Main.storyboard */,
				2E106CC51F6572BA008AE283 /* Assets.xcassets */,
				2E106CC71F6572BA008AE283 /* LaunchScreen.storyboard */,
				2E106CCA1F6572BA008AE283 /* Info.plist */,
				2E106CC21F6572BA008AE283 /* BaasTest.xcdatamodeld */,
			);
			path = BaasTest;
			sourceTree = "<group>";
		};
		2E106CD41F6576FF008AE283 /* Frameworks */ = {
			isa = PBXGroup;
			children = (
				2E2E370C1F66E3E3008BC6F2 /* libicucore.tbd */,
				2E2E37041F660FD6008BC6F2 /* JavaScriptCore.framework */,
				2E106CD91F657712008AE283 /* SystemConfiguration.framework */,
				2E106CD71F65770B008AE283 /* libz.tbd */,
				2E106CD51F6576FF008AE283 /* libsqlite3.tbd */,
			);
			name = Frameworks;
			sourceTree = "<group>";
		};
		2E106CDB1F65773A008AE283 /* Droibaas */ = {
			isa = PBXGroup;
			children = (
				2E106CDD1F657768008AE283 /* DroiBaaS.h */,
				2E106CDE1F657768008AE283 /* DroiBaaS.m */,
				2E106CDF1F657768008AE283 /* DroiBaaS.plist */,
				2E106CE01F657768008AE283 /* DroiBaaSForSwift.swift */,
				2E106CDC1F657768008AE283 /* BaasTest-Bridging-Header.h */,
			);
			name = Droibaas;
			sourceTree = "<group>";
		};
		2EB9D8A71F6812FB00F06F2B /* Sign In Out VC */ = {
			isa = PBXGroup;
			children = (
				2E106CBD1F6572BA008AE283 /* SignInViewController.swift */,
				2E2E36F91F65A284008BC6F2 /* RegisterViewController.swift */,
			);
			name = "Sign In Out VC";
			sourceTree = "<group>";
		};
		2EB9D8A81F68132800F06F2B /* Map List VC */ = {
			isa = PBXGroup;
			children = (
				2E2E37081F66B8B6008BC6F2 /* MapViewController.swift */,
				2E2E37171F67B131008BC6F2 /* SuspiciousBinCell.swift */,
				2E2E37191F67B15A008BC6F2 /* AdoptBinCell.swift */,
				2E2E371B1F67B170008BC6F2 /* baseCell.swift */,
			);
			name = "Map List VC";
			sourceTree = "<group>";
		};
		2EB9D8A91F68134000F06F2B /* Droibaas Data */ = {
			isa = PBXGroup;
			children = (
				2E2E370E1F66FDBD008BC6F2 /* BinsDroiData.swift */,
				2E2E36F71F6597AB008BC6F2 /* User.swift */,
			);
			name = "Droibaas Data";
			sourceTree = "<group>";
		};
		2EB9D8AA1F68134D00F06F2B /* WDG Data */ = {
			isa = PBXGroup;
			children = (
				2EB9D8B91F6971CC00F06F2B /* PostWdgData.swift */,
				2EB9D8A51F68126B00F06F2B /* BinWdgData.swift */,
				2EB9D8AE1F6929F000F06F2B /* BaseWdgData.swift */,
			);
			name = "WDG Data";
			sourceTree = "<group>";
		};
		2EB9D8B21F69527D00F06F2B /* Bin Information VC */ = {
			isa = PBXGroup;
			children = (
				2E2E370A1F66B930008BC6F2 /* BinInformationViewController.swift */,
			);
			name = "Bin Information VC";
			sourceTree = "<group>";
		};
		2ED846351F6A2D5B0094D61C /* Bin Surrounding VC */ = {
			isa = PBXGroup;
			children = (
				2ED846331F6A2D490094D61C /* BinSurroundingTableViewController.swift */,
				2ED846361F6A2F9A0094D61C /* OthersBinCell.swift */,
			);
			name = "Bin Surrounding VC";
			sourceTree = "<group>";
		};
/* End PBXGroup section */

/* Begin PBXNativeTarget section */
		2E106CB71F6572BA008AE283 /* BaasTest */ = {
			isa = PBXNativeTarget;
			buildConfigurationList = 2E106CCD1F6572BA008AE283 /* Build configuration list for PBXNativeTarget "BaasTest" */;
			buildPhases = (
				2E106CB41F6572BA008AE283 /* Sources */,
				2E106CB51F6572BA008AE283 /* Frameworks */,
				2E106CB61F6572BA008AE283 /* Resources */,
				2E106CD31F6576D9008AE283 /* Embed Frameworks */,
				2E106CE41F65778F008AE283 /* ShellScript */,
			);
			buildRules = (
			);
			dependencies = (
			);
			name = BaasTest;
			productName = BaasTest;
			productReference = 2E106CB81F6572BA008AE283 /* BaasTest.app */;
			productType = "com.apple.product-type.application";
		};
/* End PBXNativeTarget section */

/* Begin PBXProject section */
		2E106CB01F6572BA008AE283 /* Project object */ = {
			isa = PBXProject;
			attributes = {
				LastSwiftUpdateCheck = 0830;
				LastUpgradeCheck = 0830;
				ORGANIZATIONNAME = "JIAN LI";
				TargetAttributes = {
					2E106CB71F6572BA008AE283 = {
						CreatedOnToolsVersion = 8.3.3;
						DevelopmentTeam = 6KQ6342GL4;
						LastSwiftMigration = 0830;
						ProvisioningStyle = Automatic;
					};
				};
			};
			buildConfigurationList = 2E106CB31F6572BA008AE283 /* Build configuration list for PBXProject "BaasTest" */;
			compatibilityVersion = "Xcode 3.2";
			developmentRegion = English;
			hasScannedForEncodings = 0;
			knownRegions = (
				en,
				Base,
			);
			mainGroup = 2E106CAF1F6572BA008AE283;
			productRefGroup = 2E106CB91F6572BA008AE283 /* Products */;
			projectDirPath = "";
			projectRoot = "";
			targets = (
				2E106CB71F6572BA008AE283 /* BaasTest */,
			);
		};
/* End PBXProject section */

/* Begin PBXResourcesBuildPhase section */
		2E106CB61F6572BA008AE283 /* Resources */ = {
			isa = PBXResourcesBuildPhase;
			buildActionMask = 2147483647;
			files = (
				2E106CC91F6572BA008AE283 /* LaunchScreen.storyboard in Resources */,
				2E106CE21F657768008AE283 /* DroiBaaS.plist in Resources */,
				2E106CC61F6572BA008AE283 /* Assets.xcassets in Resources */,
				2E2E37141F67A5DA008BC6F2 /* Main.storyboard in Resources */,
			);
			runOnlyForDeploymentPostprocessing = 0;
		};
/* End PBXResourcesBuildPhase section */

/* Begin PBXShellScriptBuildPhase section */
		2E106CE41F65778F008AE283 /* ShellScript */ = {
			isa = PBXShellScriptBuildPhase;
			buildActionMask = 2147483647;
			files = (
			);
			inputPaths = (
			);
			outputPaths = (
			);
			runOnlyForDeploymentPostprocessing = 0;
			shellPath = /bin/sh;
			shellScript = "\"${PROJECT_DIR}/DroiCoreSDK/scripts/baas_cli\" parse \"${SRCROOT}\"";
		};
/* End PBXShellScriptBuildPhase section */

/* Begin PBXSourcesBuildPhase section */
		2E106CB41F6572BA008AE283 /* Sources */ = {
			isa = PBXSourcesBuildPhase;
			buildActionMask = 2147483647;
			files = (
				2ED846371F6A2F9A0094D61C /* OthersBinCell.swift in Sources */,
				2EB9D8A61F68126B00F06F2B /* BinWdgData.swift in Sources */,
				2E106CBE1F6572BA008AE283 /* SignInViewController.swift in Sources */,
				2E106CC41F6572BA008AE283 /* BaasTest.xcdatamodeld in Sources */,
				2E2E371A1F67B15A008BC6F2 /* AdoptBinCell.swift in Sources */,
				2ED846341F6A2D490094D61C /* BinSurroundingTableViewController.swift in Sources */,
				2E2E371C1F67B170008BC6F2 /* baseCell.swift in Sources */,
				2E2E36FA1F65A284008BC6F2 /* RegisterViewController.swift in Sources */,
				2E2E36F81F6597AB008BC6F2 /* User.swift in Sources */,
				2E2E37091F66B8B6008BC6F2 /* MapViewController.swift in Sources */,
				2E106CE31F657768008AE283 /* DroiBaaSForSwift.swift in Sources */,
				2E106CE11F657768008AE283 /* DroiBaaS.m in Sources */,
				2E2E370F1F66FDBD008BC6F2 /* BinsDroiData.swift in Sources */,
				2EB9D8AF1F6929F000F06F2B /* BaseWdgData.swift in Sources */,
				2EB9D8BC1F6973B600F06F2B /* DataMethods.swift in Sources */,
				2E106CBC1F6572BA008AE283 /* AppDelegate.swift in Sources */,
				2E2E37071F66B66C008BC6F2 /* userBehaviorViewController.swift in Sources */,
				2E2E37181F67B131008BC6F2 /* SuspiciousBinCell.swift in Sources */,
				2E2E370B1F66B930008BC6F2 /* BinInformationViewController.swift in Sources */,
				2EB9D8BA1F6971CC00F06F2B /* PostWdgData.swift in Sources */,
			);
			runOnlyForDeploymentPostprocessing = 0;
		};
/* End PBXSourcesBuildPhase section */

/* Begin PBXVariantGroup section */
		2E106CC71F6572BA008AE283 /* LaunchScreen.storyboard */ = {
			isa = PBXVariantGroup;
			children = (
				2E106CC81F6572BA008AE283 /* Base */,
			);
			name = LaunchScreen.storyboard;
			sourceTree = "<group>";
		};
		2E2E37121F67A5DA008BC6F2 /* Main.storyboard */ = {
			isa = PBXVariantGroup;
			children = (
				2E2E37131F67A5DA008BC6F2 /* Base */,
			);
			name = Main.storyboard;
			path = ..;
			sourceTree = "<group>";
		};
/* End PBXVariantGroup section */

/* Begin XCBuildConfiguration section */
		2E106CCB1F6572BA008AE283 /* Debug */ = {
			isa = XCBuildConfiguration;
			buildSettings = {
				ALWAYS_SEARCH_USER_PATHS = NO;
				CLANG_ANALYZER_NONNULL = YES;
				CLANG_ANALYZER_NUMBER_OBJECT_CONVERSION = YES_AGGRESSIVE;
				CLANG_CXX_LANGUAGE_STANDARD = "gnu++0x";
				CLANG_CXX_LIBRARY = "libc++";
				CLANG_ENABLE_MODULES = YES;
				CLANG_ENABLE_OBJC_ARC = YES;
				CLANG_WARN_BOOL_CONVERSION = YES;
				CLANG_WARN_CONSTANT_CONVERSION = YES;
				CLANG_WARN_DIRECT_OBJC_ISA_USAGE = YES_ERROR;
				CLANG_WARN_DOCUMENTATION_COMMENTS = YES;
				CLANG_WARN_EMPTY_BODY = YES;
				CLANG_WARN_ENUM_CONVERSION = YES;
				CLANG_WARN_INFINITE_RECURSION = YES;
				CLANG_WARN_INT_CONVERSION = YES;
				CLANG_WARN_OBJC_ROOT_CLASS = YES_ERROR;
				CLANG_WARN_SUSPICIOUS_MOVE = YES;
				CLANG_WARN_UNREACHABLE_CODE = YES;
				CLANG_WARN__DUPLICATE_METHOD_MATCH = YES;
				"CODE_SIGN_IDENTITY[sdk=iphoneos*]" = "iPhone Developer";
				COPY_PHASE_STRIP = NO;
				DEBUG_INFORMATION_FORMAT = dwarf;
				ENABLE_STRICT_OBJC_MSGSEND = YES;
				ENABLE_TESTABILITY = YES;
				GCC_C_LANGUAGE_STANDARD = gnu99;
				GCC_DYNAMIC_NO_PIC = NO;
				GCC_NO_COMMON_BLOCKS = YES;
				GCC_OPTIMIZATION_LEVEL = 0;
				GCC_PREPROCESSOR_DEFINITIONS = (
					"DEBUG=1",
					"$(inherited)",
				);
				GCC_WARN_64_TO_32_BIT_CONVERSION = YES;
				GCC_WARN_ABOUT_RETURN_TYPE = YES_ERROR;
				GCC_WARN_UNDECLARED_SELECTOR = YES;
				GCC_WARN_UNINITIALIZED_AUTOS = YES_AGGRESSIVE;
				GCC_WARN_UNUSED_FUNCTION = YES;
				GCC_WARN_UNUSED_VARIABLE = YES;
				IPHONEOS_DEPLOYMENT_TARGET = 10.3;
				MTL_ENABLE_DEBUG_INFO = YES;
				ONLY_ACTIVE_ARCH = YES;
				SDKROOT = iphoneos;
				SWIFT_ACTIVE_COMPILATION_CONDITIONS = DEBUG;
				SWIFT_OPTIMIZATION_LEVEL = "-Onone";
			};
			name = Debug;
		};
		2E106CCC1F6572BA008AE283 /* Release */ = {
			isa = XCBuildConfiguration;
			buildSettings = {
				ALWAYS_SEARCH_USER_PATHS = NO;
				CLANG_ANALYZER_NONNULL = YES;
				CLANG_ANALYZER_NUMBER_OBJECT_CONVERSION = YES_AGGRESSIVE;
				CLANG_CXX_LANGUAGE_STANDARD = "gnu++0x";
				CLANG_CXX_LIBRARY = "libc++";
				CLANG_ENABLE_MODULES = YES;
				CLANG_ENABLE_OBJC_ARC = YES;
				CLANG_WARN_BOOL_CONVERSION = YES;
				CLANG_WARN_CONSTANT_CONVERSION = YES;
				CLANG_WARN_DIRECT_OBJC_ISA_USAGE = YES_ERROR;
				CLANG_WARN_DOCUMENTATION_COMMENTS = YES;
				CLANG_WARN_EMPTY_BODY = YES;
				CLANG_WARN_ENUM_CONVERSION = YES;
				CLANG_WARN_INFINITE_RECURSION = YES;
				CLANG_WARN_INT_CONVERSION = YES;
				CLANG_WARN_OBJC_ROOT_CLASS = YES_ERROR;
				CLANG_WARN_SUSPICIOUS_MOVE = YES;
				CLANG_WARN_UNREACHABLE_CODE = YES;
				CLANG_WARN__DUPLICATE_METHOD_MATCH = YES;
				"CODE_SIGN_IDENTITY[sdk=iphoneos*]" = "iPhone Developer";
				COPY_PHASE_STRIP = NO;
				DEBUG_INFORMATION_FORMAT = "dwarf-with-dsym";
				ENABLE_NS_ASSERTIONS = NO;
				ENABLE_STRICT_OBJC_MSGSEND = YES;
				GCC_C_LANGUAGE_STANDARD = gnu99;
				GCC_NO_COMMON_BLOCKS = YES;
				GCC_WARN_64_TO_32_BIT_CONVERSION = YES;
				GCC_WARN_ABOUT_RETURN_TYPE = YES_ERROR;
				GCC_WARN_UNDECLARED_SELECTOR = YES;
				GCC_WARN_UNINITIALIZED_AUTOS = YES_AGGRESSIVE;
				GCC_WARN_UNUSED_FUNCTION = YES;
				GCC_WARN_UNUSED_VARIABLE = YES;
				IPHONEOS_DEPLOYMENT_TARGET = 10.3;
				MTL_ENABLE_DEBUG_INFO = NO;
				SDKROOT = iphoneos;
				SWIFT_OPTIMIZATION_LEVEL = "-Owholemodule";
				VALIDATE_PRODUCT = YES;
			};
			name = Release;
		};
		2E106CCE1F6572BA008AE283 /* Debug */ = {
			isa = XCBuildConfiguration;
			buildSettings = {
				ASSETCATALOG_COMPILER_APPICON_NAME = AppIcon;
				CLANG_ENABLE_MODULES = YES;
				DEVELOPMENT_TEAM = 6KQ6342GL4;
				FRAMEWORK_SEARCH_PATHS = (
					"$(inherited)",
					"$(PROJECT_DIR)",
					"$(PROJECT_DIR)/Carthage/Build/iOS",
				);
				INFOPLIST_FILE = BaasTest/Info.plist;
				LD_RUNPATH_SEARCH_PATHS = "$(inherited) @executable_path/Frameworks";
				OTHER_LDFLAGS = (
					"$(OTHER_LDFLAGS)",
					"-ObjC",
				);
				OTHER_LIBTOOLFLAGS = "";
				PRODUCT_BUNDLE_IDENTIFIER = com.jli.BaasTest;
				PRODUCT_NAME = "$(TARGET_NAME)";
				SWIFT_OBJC_BRIDGING_HEADER = "BaasTest/BaasTest-Bridging-Header.h";
				SWIFT_OPTIMIZATION_LEVEL = "-Onone";
				SWIFT_VERSION = 3.0;
			};
			name = Debug;
		};
		2E106CCF1F6572BA008AE283 /* Release */ = {
			isa = XCBuildConfiguration;
			buildSettings = {
				ASSETCATALOG_COMPILER_APPICON_NAME = AppIcon;
				CLANG_ENABLE_MODULES = YES;
				DEVELOPMENT_TEAM = 6KQ6342GL4;
				FRAMEWORK_SEARCH_PATHS = (
					"$(inherited)",
					"$(PROJECT_DIR)",
					"$(PROJECT_DIR)/Carthage/Build/iOS",
				);
				INFOPLIST_FILE = BaasTest/Info.plist;
				LD_RUNPATH_SEARCH_PATHS = "$(inherited) @executable_path/Frameworks";
				OTHER_LDFLAGS = (
					"$(OTHER_LDFLAGS)",
					"-ObjC",
				);
				OTHER_LIBTOOLFLAGS = "";
				PRODUCT_BUNDLE_IDENTIFIER = com.jli.BaasTest;
				PRODUCT_NAME = "$(TARGET_NAME)";
				SWIFT_OBJC_BRIDGING_HEADER = "BaasTest/BaasTest-Bridging-Header.h";
				SWIFT_VERSION = 3.0;
			};
			name = Release;
		};
/* End XCBuildConfiguration section */

/* Begin XCConfigurationList section */
		2E106CB31F6572BA008AE283 /* Build configuration list for PBXProject "BaasTest" */ = {
			isa = XCConfigurationList;
			buildConfigurations = (
				2E106CCB1F6572BA008AE283 /* Debug */,
				2E106CCC1F6572BA008AE283 /* Release */,
			);
			defaultConfigurationIsVisible = 0;
			defaultConfigurationName = Release;
		};
		2E106CCD1F6572BA008AE283 /* Build configuration list for PBXNativeTarget "BaasTest" */ = {
			isa = XCConfigurationList;
			buildConfigurations = (
				2E106CCE1F6572BA008AE283 /* Debug */,
				2E106CCF1F6572BA008AE283 /* Release */,
			);
			defaultConfigurationIsVisible = 0;
			defaultConfigurationName = Release;
		};
/* End XCConfigurationList section */

/* Begin XCVersionGroup section */
		2E106CC21F6572BA008AE283 /* BaasTest.xcdatamodeld */ = {
			isa = XCVersionGroup;
			children = (
				2E106CC31F6572BA008AE283 /* BaasTest.xcdatamodel */,
			);
			currentVersion = 2E106CC31F6572BA008AE283 /* BaasTest.xcdatamodel */;
			path = BaasTest.xcdatamodeld;
			sourceTree = "<group>";
			versionGroupType = wrapper.xcdatamodel;
		};
/* End XCVersionGroup section */
	};
	rootObject = 2E106CB01F6572BA008AE283 /* Project object */;
}
